
Microsoft Visual Studio Solution File, Format Version 12.00
# Visual Studio Version 16
VisualStudioVersion = 16.0.31321.278
MinimumVisualStudioVersion = 10.0.40219.1
Project("{FAE04EC0-301F-11D3-BF4B-00C04F79EFBC}") = "WebApplicationFacturas", "WebApplicationFacturas.csproj", "{A1D6343F-34F3-47D1-A9F8-9178881D64E8}"
EndProject
Project("{FAE04EC0-301F-11D3-BF4B-00C04F79EFBC}") = "Negocio", "..\Negocio\Negocio.csproj", "{FFE2CA3D-8CB1-4D55-9D5D-60B13437C4EF}"
EndProject
Global
	GlobalSection(SolutionConfigurationPlatforms) = preSolution
		Debug|Any CPU = Debug|Any CPU
		Release|Any CPU = Release|Any CPU
	EndGlobalSection
	GlobalSection(ProjectConfigurationPlatforms) = postSolution
		{A1D6343F-34F3-47D1-A9F8-9178881D64E8}.Debug|Any CPU.ActiveCfg = Debug|Any CPU
		{A1D6343F-34F3-47D1-A9F8-9178881D64E8}.Debug|Any CPU.Build.0 = Debug|Any CPU
		{A1D6343F-34F3-47D1-A9F8-9178881D64E8}.Release|Any CPU.ActiveCfg = Release|Any CPU
		{A1D6343F-34F3-47D1-A9F8-9178881D64E8}.Release|Any CPU.Build.0 = Release|Any CPU
		{FFE2CA3D-8CB1-4D55-9D5D-60B13437C4EF}.Debug|Any CPU.ActiveCfg = Debug|Any CPU
		{FFE2CA3D-8CB1-4D55-9D5D-60B13437C4EF}.Debug|Any CPU.Build.0 = Debug|Any CPU
		{FFE2CA3D-8CB1-4D55-9D5D-60B13437C4EF}.Release|Any CPU.ActiveCfg = Release|Any CPU
		{FFE2CA3D-8CB1-4D55-9D5D-60B13437C4EF}.Release|Any CPU.Build.0 = Release|Any CPU
	EndGlobalSection
	GlobalSection(SolutionProperties) = preSolution
		HideSolutionNode = FALSE
	EndGlobalSection
	GlobalSection(ExtensibilityGlobals) = postSolution
		SolutionGuid = {49FC305E-E8D6-42A1-8DD9-87B3FF495802}
	EndGlobalSection
EndGlobal
